
Microsoft Visual Studio Solution File, Format Version 12.00
# Visual Studio 2012
Project("{FAE04EC0-301F-11D3-BF4B-00C04F79EFBC}") = "BootstrapUI", "BootstrapUI\BootstrapUI.csproj", "{DC61826F-9B63-4B31-B2C2-23525DA4607C}"
EndProject
Global
	GlobalSection(SolutionConfigurationPlatforms) = preSolution
		Debug|Any CPU = Debug|Any CPU
		Release|Any CPU = Release|Any CPU
	EndGlobalSection
	GlobalSection(ProjectConfigurationPlatforms) = postSolution
		{DC61826F-9B63-4B31-B2C2-23525DA4607C}.Debug|Any CPU.ActiveCfg = Debug|Any CPU
		{DC61826F-9B63-4B31-B2C2-23525DA4607C}.Debug|Any CPU.Build.0 = Debug|Any CPU
		{DC61826F-9B63-4B31-B2C2-23525DA4607C}.Release|Any CPU.ActiveCfg = Release|Any CPU
		{DC61826F-9B63-4B31-B2C2-23525DA4607C}.Release|Any CPU.Build.0 = Release|Any CPU
	EndGlobalSection
	GlobalSection(SolutionProperties) = preSolution
		HideSolutionNode = FALSE
	EndGlobalSection
EndGlobal
